
Microsoft Visual Studio Solution File, Format Version 12.00
# Visual Studio 15
VisualStudioVersion = 15.0.28307.421
MinimumVisualStudioVersion = 10.0.40219.1
Project("{9A19103F-16F7-4668-BE54-9A1E7A4F7556}") = "SolarDataApp", "SolarDataApp\SolarDataApp.csproj", "{F3F25DCF-3920-4C32-BCE3-31B4D6863326}"
EndProject
Global
	GlobalSection(SolutionConfigurationPlatforms) = preSolution
		Debug|Any CPU = Debug|Any CPU
		Release|Any CPU = Release|Any CPU
	EndGlobalSection
	GlobalSection(ProjectConfigurationPlatforms) = postSolution
		{F3F25DCF-3920-4C32-BCE3-31B4D6863326}.Debug|Any CPU.ActiveCfg = Debug|Any CPU
		{F3F25DCF-3920-4C32-BCE3-31B4D6863326}.Debug|Any CPU.Build.0 = Debug|Any CPU
		{F3F25DCF-3920-4C32-BCE3-31B4D6863326}.Release|Any CPU.ActiveCfg = Release|Any CPU
		{F3F25DCF-3920-4C32-BCE3-31B4D6863326}.Release|Any CPU.Build.0 = Release|Any CPU
	EndGlobalSection
	GlobalSection(SolutionProperties) = preSolution
		HideSolutionNode = FALSE
	EndGlobalSection
	GlobalSection(ExtensibilityGlobals) = postSolution
		SolutionGuid = {16AE3C91-622A-4321-8C16-3F8F3FAF43FB}
	EndGlobalSection
EndGlobal
